
Microsoft Visual Studio Solution File, Format Version 12.00
# Visual Studio Version 16
VisualStudioVersion = 16.0.30204.135
MinimumVisualStudioVersion = 10.0.40219.1
Project("{9A19103F-16F7-4668-BE54-9A1E7A4F7556}") = "InitialSetup", "InitialSetup\InitialSetup.csproj", "{F792E4ED-A79E-47EB-AFC3-2400B63B344B}"
EndProject
Project("{9A19103F-16F7-4668-BE54-9A1E7A4F7556}") = "VillainNames", "VillainNames\VillainNames.csproj", "{330F7F4D-CCE8-4D59-9421-5618D8117205}"
EndProject
Project("{9A19103F-16F7-4668-BE54-9A1E7A4F7556}") = "MinionNames", "MinionNames\MinionNames.csproj", "{3C091F52-0C66-4AE8-86ED-DCEAB262610D}"
EndProject
Project("{9A19103F-16F7-4668-BE54-9A1E7A4F7556}") = "AddMinion", "AddMinion\AddMinion.csproj", "{7099E469-36ED-4255-AAD0-1F8F6FF7E0D2}"
EndProject
Project("{FAE04EC0-301F-11D3-BF4B-00C04F79EFBC}") = "ChangeTownNamesCasing", "ChangeTownNamesCasing\ChangeTownNamesCasing.csproj", "{2851520B-E62B-4C88-8C44-91FA4BCCDD2F}"
EndProject
Project("{FAE04EC0-301F-11D3-BF4B-00C04F79EFBC}") = "RemoveVillain", "RemoveVillain\RemoveVillain.csproj", "{75ADFC7D-0E3B-4110-9901-C5B64F54162B}"
EndProject
Project("{FAE04EC0-301F-11D3-BF4B-00C04F79EFBC}") = "PrintAllMinionNames", "PrintAllMinionNames\PrintAllMinionNames.csproj", "{5F962677-B90A-499F-83C1-6C66D5E67BB5}"
EndProject
Project("{FAE04EC0-301F-11D3-BF4B-00C04F79EFBC}") = "IncreaseMinionAge", "IncreaseMinionAge\IncreaseMinionAge.csproj", "{A9061D3B-3829-40B7-8CB9-86F1F655E68B}"
EndProject
Global
	GlobalSection(SolutionConfigurationPlatforms) = preSolution
		Debug|Any CPU = Debug|Any CPU
		Release|Any CPU = Release|Any CPU
	EndGlobalSection
	GlobalSection(ProjectConfigurationPlatforms) = postSolution
		{F792E4ED-A79E-47EB-AFC3-2400B63B344B}.Debug|Any CPU.ActiveCfg = Debug|Any CPU
		{F792E4ED-A79E-47EB-AFC3-2400B63B344B}.Debug|Any CPU.Build.0 = Debug|Any CPU
		{F792E4ED-A79E-47EB-AFC3-2400B63B344B}.Release|Any CPU.ActiveCfg = Release|Any CPU
		{F792E4ED-A79E-47EB-AFC3-2400B63B344B}.Release|Any CPU.Build.0 = Release|Any CPU
		{330F7F4D-CCE8-4D59-9421-5618D8117205}.Debug|Any CPU.ActiveCfg = Debug|Any CPU
		{330F7F4D-CCE8-4D59-9421-5618D8117205}.Debug|Any CPU.Build.0 = Debug|Any CPU
		{330F7F4D-CCE8-4D59-9421-5618D8117205}.Release|Any CPU.ActiveCfg = Release|Any CPU
		{330F7F4D-CCE8-4D59-9421-5618D8117205}.Release|Any CPU.Build.0 = Release|Any CPU
		{3C091F52-0C66-4AE8-86ED-DCEAB262610D}.Debug|Any CPU.ActiveCfg = Debug|Any CPU
		{3C091F52-0C66-4AE8-86ED-DCEAB262610D}.Debug|Any CPU.Build.0 = Debug|Any CPU
		{3C091F52-0C66-4AE8-86ED-DCEAB262610D}.Release|Any CPU.ActiveCfg = Release|Any CPU
		{3C091F52-0C66-4AE8-86ED-DCEAB262610D}.Release|Any CPU.Build.0 = Release|Any CPU
		{7099E469-36ED-4255-AAD0-1F8F6FF7E0D2}.Debug|Any CPU.ActiveCfg = Debug|Any CPU
		{7099E469-36ED-4255-AAD0-1F8F6FF7E0D2}.Debug|Any CPU.Build.0 = Debug|Any CPU
		{7099E469-36ED-4255-AAD0-1F8F6FF7E0D2}.Release|Any CPU.ActiveCfg = Release|Any CPU
		{7099E469-36ED-4255-AAD0-1F8F6FF7E0D2}.Release|Any CPU.Build.0 = Release|Any CPU
		{2851520B-E62B-4C88-8C44-91FA4BCCDD2F}.Debug|Any CPU.ActiveCfg = Debug|Any CPU
		{2851520B-E62B-4C88-8C44-91FA4BCCDD2F}.Debug|Any CPU.Build.0 = Debug|Any CPU
		{2851520B-E62B-4C88-8C44-91FA4BCCDD2F}.Release|Any CPU.ActiveCfg = Release|Any CPU
		{2851520B-E62B-4C88-8C44-91FA4BCCDD2F}.Release|Any CPU.Build.0 = Release|Any CPU
		{75ADFC7D-0E3B-4110-9901-C5B64F54162B}.Debug|Any CPU.ActiveCfg = Debug|Any CPU
		{75ADFC7D-0E3B-4110-9901-C5B64F54162B}.Debug|Any CPU.Build.0 = Debug|Any CPU
		{75ADFC7D-0E3B-4110-9901-C5B64F54162B}.Release|Any CPU.ActiveCfg = Release|Any CPU
		{75ADFC7D-0E3B-4110-9901-C5B64F54162B}.Release|Any CPU.Build.0 = Release|Any CPU
		{5F962677-B90A-499F-83C1-6C66D5E67BB5}.Debug|Any CPU.ActiveCfg = Debug|Any CPU
		{5F962677-B90A-499F-83C1-6C66D5E67BB5}.Debug|Any CPU.Build.0 = Debug|Any CPU
		{5F962677-B90A-499F-83C1-6C66D5E67BB5}.Release|Any CPU.ActiveCfg = Release|Any CPU
		{5F962677-B90A-499F-83C1-6C66D5E67BB5}.Release|Any CPU.Build.0 = Release|Any CPU
		{A9061D3B-3829-40B7-8CB9-86F1F655E68B}.Debug|Any CPU.ActiveCfg = Debug|Any CPU
		{A9061D3B-3829-40B7-8CB9-86F1F655E68B}.Debug|Any CPU.Build.0 = Debug|Any CPU
		{A9061D3B-3829-40B7-8CB9-86F1F655E68B}.Release|Any CPU.ActiveCfg = Release|Any CPU
		{A9061D3B-3829-40B7-8CB9-86F1F655E68B}.Release|Any CPU.Build.0 = Release|Any CPU
	EndGlobalSection
	GlobalSection(SolutionProperties) = preSolution
		HideSolutionNode = FALSE
	EndGlobalSection
	GlobalSection(ExtensibilityGlobals) = postSolution
		SolutionGuid = {C5B39E4C-A882-466C-A0DF-05A91199C261}
	EndGlobalSection
EndGlobal
