
Microsoft Visual Studio Solution File, Format Version 12.00
# Visual Studio 15
VisualStudioVersion = 15.0.28307.645
MinimumVisualStudioVersion = 10.0.40219.1
Project("{9A19103F-16F7-4668-BE54-9A1E7A4F7556}") = "OddLines", "OddLines\OddLines.csproj", "{46FE1D19-B6C7-4C90-AA26-5DAF2FFA39E4}"
EndProject
Project("{9A19103F-16F7-4668-BE54-9A1E7A4F7556}") = "LineNumbers", "LineNumbers\LineNumbers.csproj", "{CA4AF49E-B23B-479F-BB69-949343C5A7F5}"
EndProject
Project("{9A19103F-16F7-4668-BE54-9A1E7A4F7556}") = "WordCount", "WordCount\WordCount.csproj", "{A425339E-8AE8-4C6B-95FE-7102F9150D5A}"
EndProject
Project("{9A19103F-16F7-4668-BE54-9A1E7A4F7556}") = "MergeFiles", "MergeFiles\MergeFiles.csproj", "{FF8EF612-D93A-438F-93C1-929A27EA26A9}"
EndProject
Project("{9A19103F-16F7-4668-BE54-9A1E7A4F7556}") = "SliceAFile", "SliceAFile\SliceAFile.csproj", "{E6D72412-CA2E-4244-82CF-5A0F808F32C7}"
EndProject
Project("{FAE04EC0-301F-11D3-BF4B-00C04F79EFBC}") = "FolderSize", "FolderSize\FolderSize.csproj", "{FD2CF95F-433C-493E-9DD3-4252064FCBE8}"
EndProject
Global
	GlobalSection(SolutionConfigurationPlatforms) = preSolution
		Debug|Any CPU = Debug|Any CPU
		Release|Any CPU = Release|Any CPU
	EndGlobalSection
	GlobalSection(ProjectConfigurationPlatforms) = postSolution
		{46FE1D19-B6C7-4C90-AA26-5DAF2FFA39E4}.Debug|Any CPU.ActiveCfg = Debug|Any CPU
		{46FE1D19-B6C7-4C90-AA26-5DAF2FFA39E4}.Debug|Any CPU.Build.0 = Debug|Any CPU
		{46FE1D19-B6C7-4C90-AA26-5DAF2FFA39E4}.Release|Any CPU.ActiveCfg = Release|Any CPU
		{46FE1D19-B6C7-4C90-AA26-5DAF2FFA39E4}.Release|Any CPU.Build.0 = Release|Any CPU
		{CA4AF49E-B23B-479F-BB69-949343C5A7F5}.Debug|Any CPU.ActiveCfg = Debug|Any CPU
		{CA4AF49E-B23B-479F-BB69-949343C5A7F5}.Debug|Any CPU.Build.0 = Debug|Any CPU
		{CA4AF49E-B23B-479F-BB69-949343C5A7F5}.Release|Any CPU.ActiveCfg = Release|Any CPU
		{CA4AF49E-B23B-479F-BB69-949343C5A7F5}.Release|Any CPU.Build.0 = Release|Any CPU
		{A425339E-8AE8-4C6B-95FE-7102F9150D5A}.Debug|Any CPU.ActiveCfg = Debug|Any CPU
		{A425339E-8AE8-4C6B-95FE-7102F9150D5A}.Debug|Any CPU.Build.0 = Debug|Any CPU
		{A425339E-8AE8-4C6B-95FE-7102F9150D5A}.Release|Any CPU.ActiveCfg = Release|Any CPU
		{A425339E-8AE8-4C6B-95FE-7102F9150D5A}.Release|Any CPU.Build.0 = Release|Any CPU
		{FF8EF612-D93A-438F-93C1-929A27EA26A9}.Debug|Any CPU.ActiveCfg = Debug|Any CPU
		{FF8EF612-D93A-438F-93C1-929A27EA26A9}.Debug|Any CPU.Build.0 = Debug|Any CPU
		{FF8EF612-D93A-438F-93C1-929A27EA26A9}.Release|Any CPU.ActiveCfg = Release|Any CPU
		{FF8EF612-D93A-438F-93C1-929A27EA26A9}.Release|Any CPU.Build.0 = Release|Any CPU
		{E6D72412-CA2E-4244-82CF-5A0F808F32C7}.Debug|Any CPU.ActiveCfg = Debug|Any CPU
		{E6D72412-CA2E-4244-82CF-5A0F808F32C7}.Debug|Any CPU.Build.0 = Debug|Any CPU
		{E6D72412-CA2E-4244-82CF-5A0F808F32C7}.Release|Any CPU.ActiveCfg = Release|Any CPU
		{E6D72412-CA2E-4244-82CF-5A0F808F32C7}.Release|Any CPU.Build.0 = Release|Any CPU
		{FD2CF95F-433C-493E-9DD3-4252064FCBE8}.Debug|Any CPU.ActiveCfg = Debug|Any CPU
		{FD2CF95F-433C-493E-9DD3-4252064FCBE8}.Debug|Any CPU.Build.0 = Debug|Any CPU
		{FD2CF95F-433C-493E-9DD3-4252064FCBE8}.Release|Any CPU.ActiveCfg = Release|Any CPU
		{FD2CF95F-433C-493E-9DD3-4252064FCBE8}.Release|Any CPU.Build.0 = Release|Any CPU
	EndGlobalSection
	GlobalSection(SolutionProperties) = preSolution
		HideSolutionNode = FALSE
	EndGlobalSection
	GlobalSection(ExtensibilityGlobals) = postSolution
		SolutionGuid = {42B3197D-0FC4-4718-9A29-AAE9F896FCCD}
	EndGlobalSection
EndGlobal
