
Microsoft Visual Studio Solution File, Format Version 12.00
# Visual Studio Version 16
VisualStudioVersion = 16.0.30204.135
MinimumVisualStudioVersion = 10.0.40219.1
Project("{FAE04EC0-301F-11D3-BF4B-00C04F79EFBC}") = "P03_SalesDatabase", "P03_SalesDatabase\P03_SalesDatabase.csproj", "{A0AD8EDB-1032-4BBF-AA13-29A14E9B5918}"
EndProject
Global
	GlobalSection(SolutionConfigurationPlatforms) = preSolution
		Debug|Any CPU = Debug|Any CPU
		Release|Any CPU = Release|Any CPU
	EndGlobalSection
	GlobalSection(ProjectConfigurationPlatforms) = postSolution
		{A0AD8EDB-1032-4BBF-AA13-29A14E9B5918}.Debug|Any CPU.ActiveCfg = Debug|Any CPU
		{A0AD8EDB-1032-4BBF-AA13-29A14E9B5918}.Debug|Any CPU.Build.0 = Debug|Any CPU
		{A0AD8EDB-1032-4BBF-AA13-29A14E9B5918}.Release|Any CPU.ActiveCfg = Release|Any CPU
		{A0AD8EDB-1032-4BBF-AA13-29A14E9B5918}.Release|Any CPU.Build.0 = Release|Any CPU
	EndGlobalSection
	GlobalSection(SolutionProperties) = preSolution
		HideSolutionNode = FALSE
	EndGlobalSection
	GlobalSection(ExtensibilityGlobals) = postSolution
		SolutionGuid = {23630541-25FA-4790-BE21-E94318E3C293}
	EndGlobalSection
EndGlobal
