
Microsoft Visual Studio Solution File, Format Version 12.00
# Visual Studio 15
VisualStudioVersion = 15.0.28307.645
MinimumVisualStudioVersion = 10.0.40219.1
Project("{9A19103F-16F7-4668-BE54-9A1E7A4F7556}") = "EvenLines", "EvenLines\EvenLines.csproj", "{FFFEEDCE-8AD7-4770-8EA1-90100BD9612F}"
EndProject
Project("{9A19103F-16F7-4668-BE54-9A1E7A4F7556}") = "LineNumbers", "LineNumbers\LineNumbers.csproj", "{59BB9A13-0280-4E5C-94B7-CEAF6E3F7551}"
EndProject
Project("{9A19103F-16F7-4668-BE54-9A1E7A4F7556}") = "WordCount", "WordCount\WordCount.csproj", "{25DA622F-173D-4BF5-8C59-80156A062974}"
EndProject
Project("{FAE04EC0-301F-11D3-BF4B-00C04F79EFBC}") = "CopyBinaryFile", "CopyBinaryFile\CopyBinaryFile.csproj", "{B544036A-087B-44DE-A584-44AF2311820A}"
EndProject
Global
	GlobalSection(SolutionConfigurationPlatforms) = preSolution
		Debug|Any CPU = Debug|Any CPU
		Release|Any CPU = Release|Any CPU
	EndGlobalSection
	GlobalSection(ProjectConfigurationPlatforms) = postSolution
		{FFFEEDCE-8AD7-4770-8EA1-90100BD9612F}.Debug|Any CPU.ActiveCfg = Debug|Any CPU
		{FFFEEDCE-8AD7-4770-8EA1-90100BD9612F}.Debug|Any CPU.Build.0 = Debug|Any CPU
		{FFFEEDCE-8AD7-4770-8EA1-90100BD9612F}.Release|Any CPU.ActiveCfg = Release|Any CPU
		{FFFEEDCE-8AD7-4770-8EA1-90100BD9612F}.Release|Any CPU.Build.0 = Release|Any CPU
		{59BB9A13-0280-4E5C-94B7-CEAF6E3F7551}.Debug|Any CPU.ActiveCfg = Debug|Any CPU
		{59BB9A13-0280-4E5C-94B7-CEAF6E3F7551}.Debug|Any CPU.Build.0 = Debug|Any CPU
		{59BB9A13-0280-4E5C-94B7-CEAF6E3F7551}.Release|Any CPU.ActiveCfg = Release|Any CPU
		{59BB9A13-0280-4E5C-94B7-CEAF6E3F7551}.Release|Any CPU.Build.0 = Release|Any CPU
		{25DA622F-173D-4BF5-8C59-80156A062974}.Debug|Any CPU.ActiveCfg = Debug|Any CPU
		{25DA622F-173D-4BF5-8C59-80156A062974}.Debug|Any CPU.Build.0 = Debug|Any CPU
		{25DA622F-173D-4BF5-8C59-80156A062974}.Release|Any CPU.ActiveCfg = Release|Any CPU
		{25DA622F-173D-4BF5-8C59-80156A062974}.Release|Any CPU.Build.0 = Release|Any CPU
		{B544036A-087B-44DE-A584-44AF2311820A}.Debug|Any CPU.ActiveCfg = Debug|Any CPU
		{B544036A-087B-44DE-A584-44AF2311820A}.Debug|Any CPU.Build.0 = Debug|Any CPU
		{B544036A-087B-44DE-A584-44AF2311820A}.Release|Any CPU.ActiveCfg = Release|Any CPU
		{B544036A-087B-44DE-A584-44AF2311820A}.Release|Any CPU.Build.0 = Release|Any CPU
	EndGlobalSection
	GlobalSection(SolutionProperties) = preSolution
		HideSolutionNode = FALSE
	EndGlobalSection
	GlobalSection(ExtensibilityGlobals) = postSolution
		SolutionGuid = {456BDB9E-1685-41B3-BF8F-6A30625BE2FE}
	EndGlobalSection
EndGlobal
