
Microsoft Visual Studio Solution File, Format Version 12.00
# Visual Studio 15
VisualStudioVersion = 15.0.28307.645
MinimumVisualStudioVersion = 10.0.40219.1
Project("{FAE04EC0-301F-11D3-BF4B-00C04F79EFBC}") = "ActionPoint", "ActionPoint\ActionPoint.csproj", "{1B1C9FD8-E0AA-4E5A-9EF4-CE0F269CAD95}"
EndProject
Project("{FAE04EC0-301F-11D3-BF4B-00C04F79EFBC}") = "KnightsOfHonor", "KnightsOfHonor\KnightsOfHonor.csproj", "{CA892C98-34FC-4910-9F9A-73A33750F6DE}"
EndProject
Project("{FAE04EC0-301F-11D3-BF4B-00C04F79EFBC}") = "CustomMinFunction", "CustomMinFunction\CustomMinFunction.csproj", "{D8DF589D-F92E-45D6-804E-82533374A864}"
EndProject
Project("{FAE04EC0-301F-11D3-BF4B-00C04F79EFBC}") = "FindEvensOrOdds", "FindEvensOrOdds\FindEvensOrOdds.csproj", "{26A47A30-755C-4731-86B5-976D00377ACC}"
EndProject
Project("{FAE04EC0-301F-11D3-BF4B-00C04F79EFBC}") = "AppliedArithmetics", "AppliedArithmetics\AppliedArithmetics.csproj", "{F809B27D-366B-43EC-9DCB-8A5104B34E6B}"
EndProject
Project("{FAE04EC0-301F-11D3-BF4B-00C04F79EFBC}") = "ReverseAndExclude", "ReverseAndExclude\ReverseAndExclude.csproj", "{21B9B283-C9C6-4741-8A65-51FB0C60D029}"
EndProject
Project("{FAE04EC0-301F-11D3-BF4B-00C04F79EFBC}") = "PredicateForNames", "PredicateForNames\PredicateForNames.csproj", "{C7CB0A9E-83B7-4F7F-A4D8-CE8E67BDC885}"
EndProject
Project("{FAE04EC0-301F-11D3-BF4B-00C04F79EFBC}") = "CustomComparator", "CustomComparator\CustomComparator.csproj", "{8078F48A-2629-4474-B6BB-8A8FECAD0D6A}"
EndProject
Global
	GlobalSection(SolutionConfigurationPlatforms) = preSolution
		Debug|Any CPU = Debug|Any CPU
		Release|Any CPU = Release|Any CPU
	EndGlobalSection
	GlobalSection(ProjectConfigurationPlatforms) = postSolution
		{1B1C9FD8-E0AA-4E5A-9EF4-CE0F269CAD95}.Debug|Any CPU.ActiveCfg = Debug|Any CPU
		{1B1C9FD8-E0AA-4E5A-9EF4-CE0F269CAD95}.Debug|Any CPU.Build.0 = Debug|Any CPU
		{1B1C9FD8-E0AA-4E5A-9EF4-CE0F269CAD95}.Release|Any CPU.ActiveCfg = Release|Any CPU
		{1B1C9FD8-E0AA-4E5A-9EF4-CE0F269CAD95}.Release|Any CPU.Build.0 = Release|Any CPU
		{CA892C98-34FC-4910-9F9A-73A33750F6DE}.Debug|Any CPU.ActiveCfg = Debug|Any CPU
		{CA892C98-34FC-4910-9F9A-73A33750F6DE}.Debug|Any CPU.Build.0 = Debug|Any CPU
		{CA892C98-34FC-4910-9F9A-73A33750F6DE}.Release|Any CPU.ActiveCfg = Release|Any CPU
		{CA892C98-34FC-4910-9F9A-73A33750F6DE}.Release|Any CPU.Build.0 = Release|Any CPU
		{D8DF589D-F92E-45D6-804E-82533374A864}.Debug|Any CPU.ActiveCfg = Debug|Any CPU
		{D8DF589D-F92E-45D6-804E-82533374A864}.Debug|Any CPU.Build.0 = Debug|Any CPU
		{D8DF589D-F92E-45D6-804E-82533374A864}.Release|Any CPU.ActiveCfg = Release|Any CPU
		{D8DF589D-F92E-45D6-804E-82533374A864}.Release|Any CPU.Build.0 = Release|Any CPU
		{26A47A30-755C-4731-86B5-976D00377ACC}.Debug|Any CPU.ActiveCfg = Debug|Any CPU
		{26A47A30-755C-4731-86B5-976D00377ACC}.Debug|Any CPU.Build.0 = Debug|Any CPU
		{26A47A30-755C-4731-86B5-976D00377ACC}.Release|Any CPU.ActiveCfg = Release|Any CPU
		{26A47A30-755C-4731-86B5-976D00377ACC}.Release|Any CPU.Build.0 = Release|Any CPU
		{F809B27D-366B-43EC-9DCB-8A5104B34E6B}.Debug|Any CPU.ActiveCfg = Debug|Any CPU
		{F809B27D-366B-43EC-9DCB-8A5104B34E6B}.Debug|Any CPU.Build.0 = Debug|Any CPU
		{F809B27D-366B-43EC-9DCB-8A5104B34E6B}.Release|Any CPU.ActiveCfg = Release|Any CPU
		{F809B27D-366B-43EC-9DCB-8A5104B34E6B}.Release|Any CPU.Build.0 = Release|Any CPU
		{21B9B283-C9C6-4741-8A65-51FB0C60D029}.Debug|Any CPU.ActiveCfg = Debug|Any CPU
		{21B9B283-C9C6-4741-8A65-51FB0C60D029}.Debug|Any CPU.Build.0 = Debug|Any CPU
		{21B9B283-C9C6-4741-8A65-51FB0C60D029}.Release|Any CPU.ActiveCfg = Release|Any CPU
		{21B9B283-C9C6-4741-8A65-51FB0C60D029}.Release|Any CPU.Build.0 = Release|Any CPU
		{C7CB0A9E-83B7-4F7F-A4D8-CE8E67BDC885}.Debug|Any CPU.ActiveCfg = Debug|Any CPU
		{C7CB0A9E-83B7-4F7F-A4D8-CE8E67BDC885}.Debug|Any CPU.Build.0 = Debug|Any CPU
		{C7CB0A9E-83B7-4F7F-A4D8-CE8E67BDC885}.Release|Any CPU.ActiveCfg = Release|Any CPU
		{C7CB0A9E-83B7-4F7F-A4D8-CE8E67BDC885}.Release|Any CPU.Build.0 = Release|Any CPU
		{8078F48A-2629-4474-B6BB-8A8FECAD0D6A}.Debug|Any CPU.ActiveCfg = Debug|Any CPU
		{8078F48A-2629-4474-B6BB-8A8FECAD0D6A}.Debug|Any CPU.Build.0 = Debug|Any CPU
		{8078F48A-2629-4474-B6BB-8A8FECAD0D6A}.Release|Any CPU.ActiveCfg = Release|Any CPU
		{8078F48A-2629-4474-B6BB-8A8FECAD0D6A}.Release|Any CPU.Build.0 = Release|Any CPU
	EndGlobalSection
	GlobalSection(SolutionProperties) = preSolution
		HideSolutionNode = FALSE
	EndGlobalSection
	GlobalSection(ExtensibilityGlobals) = postSolution
		SolutionGuid = {7539F22F-F840-458E-8225-0DCB56C1177F}
	EndGlobalSection
EndGlobal
