
Microsoft Visual Studio Solution File, Format Version 12.00
# Visual Studio Version 16
VisualStudioVersion = 16.0.30204.135
MinimumVisualStudioVersion = 10.0.40219.1
Project("{FAE04EC0-301F-11D3-BF4B-00C04F79EFBC}") = "P01_HospitalDatabase", "P01_HospitalDatabase\P01_HospitalDatabase.csproj", "{2BC43D00-4873-4602-B95D-370DD73CE6E7}"
EndProject
Global
	GlobalSection(SolutionConfigurationPlatforms) = preSolution
		Debug|Any CPU = Debug|Any CPU
		Release|Any CPU = Release|Any CPU
	EndGlobalSection
	GlobalSection(ProjectConfigurationPlatforms) = postSolution
		{2BC43D00-4873-4602-B95D-370DD73CE6E7}.Debug|Any CPU.ActiveCfg = Debug|Any CPU
		{2BC43D00-4873-4602-B95D-370DD73CE6E7}.Debug|Any CPU.Build.0 = Debug|Any CPU
		{2BC43D00-4873-4602-B95D-370DD73CE6E7}.Release|Any CPU.ActiveCfg = Release|Any CPU
		{2BC43D00-4873-4602-B95D-370DD73CE6E7}.Release|Any CPU.Build.0 = Release|Any CPU
	EndGlobalSection
	GlobalSection(SolutionProperties) = preSolution
		HideSolutionNode = FALSE
	EndGlobalSection
	GlobalSection(ExtensibilityGlobals) = postSolution
		SolutionGuid = {C384A40D-F8EA-4FCA-B5E1-8E3866986948}
	EndGlobalSection
EndGlobal
