
Microsoft Visual Studio Solution File, Format Version 12.00
# Visual Studio 15
VisualStudioVersion = 15.0.28307.645
MinimumVisualStudioVersion = 10.0.40219.1
Project("{9A19103F-16F7-4668-BE54-9A1E7A4F7556}") = "Socks", "Socks\Socks.csproj", "{A2B03ABF-0EE7-4EFB-988C-2C8DA2DAC321}"
EndProject
Project("{9A19103F-16F7-4668-BE54-9A1E7A4F7556}") = "ExcelFunctions", "ExcelFunctions\ExcelFunctions.csproj", "{FBA09C16-AFD3-47B8-88FD-D97094B77206}"
EndProject
Project("{FAE04EC0-301F-11D3-BF4B-00C04F79EFBC}") = "Repository", "Repository\Repository.csproj", "{A82739A4-CDAB-46AB-99F9-6C306EBE399D}"
EndProject
Global
	GlobalSection(SolutionConfigurationPlatforms) = preSolution
		Debug|Any CPU = Debug|Any CPU
		Release|Any CPU = Release|Any CPU
	EndGlobalSection
	GlobalSection(ProjectConfigurationPlatforms) = postSolution
		{A2B03ABF-0EE7-4EFB-988C-2C8DA2DAC321}.Debug|Any CPU.ActiveCfg = Debug|Any CPU
		{A2B03ABF-0EE7-4EFB-988C-2C8DA2DAC321}.Debug|Any CPU.Build.0 = Debug|Any CPU
		{A2B03ABF-0EE7-4EFB-988C-2C8DA2DAC321}.Release|Any CPU.ActiveCfg = Release|Any CPU
		{A2B03ABF-0EE7-4EFB-988C-2C8DA2DAC321}.Release|Any CPU.Build.0 = Release|Any CPU
		{FBA09C16-AFD3-47B8-88FD-D97094B77206}.Debug|Any CPU.ActiveCfg = Debug|Any CPU
		{FBA09C16-AFD3-47B8-88FD-D97094B77206}.Debug|Any CPU.Build.0 = Debug|Any CPU
		{FBA09C16-AFD3-47B8-88FD-D97094B77206}.Release|Any CPU.ActiveCfg = Release|Any CPU
		{FBA09C16-AFD3-47B8-88FD-D97094B77206}.Release|Any CPU.Build.0 = Release|Any CPU
		{A82739A4-CDAB-46AB-99F9-6C306EBE399D}.Debug|Any CPU.ActiveCfg = Debug|Any CPU
		{A82739A4-CDAB-46AB-99F9-6C306EBE399D}.Debug|Any CPU.Build.0 = Debug|Any CPU
		{A82739A4-CDAB-46AB-99F9-6C306EBE399D}.Release|Any CPU.ActiveCfg = Release|Any CPU
		{A82739A4-CDAB-46AB-99F9-6C306EBE399D}.Release|Any CPU.Build.0 = Release|Any CPU
	EndGlobalSection
	GlobalSection(SolutionProperties) = preSolution
		HideSolutionNode = FALSE
	EndGlobalSection
	GlobalSection(ExtensibilityGlobals) = postSolution
		SolutionGuid = {80EAE807-E0E7-4050-BA4C-34270B98E971}
	EndGlobalSection
EndGlobal
