
Microsoft Visual Studio Solution File, Format Version 12.00
# Visual Studio 15
VisualStudioVersion = 15.0.28307.645
MinimumVisualStudioVersion = 10.0.40219.1
Project("{FAE04EC0-301F-11D3-BF4B-00C04F79EFBC}") = "CustomList", "CustomList\CustomList.csproj", "{273C3BCB-9148-46BC-8EFC-CF1DCD391F97}"
EndProject
Project("{FAE04EC0-301F-11D3-BF4B-00C04F79EFBC}") = "CustomStack", "CustomStack\CustomStack.csproj", "{35D76508-8D51-4CCF-8B32-60357C897A67}"
EndProject
Global
	GlobalSection(SolutionConfigurationPlatforms) = preSolution
		Debug|Any CPU = Debug|Any CPU
		Release|Any CPU = Release|Any CPU
	EndGlobalSection
	GlobalSection(ProjectConfigurationPlatforms) = postSolution
		{273C3BCB-9148-46BC-8EFC-CF1DCD391F97}.Debug|Any CPU.ActiveCfg = Debug|Any CPU
		{273C3BCB-9148-46BC-8EFC-CF1DCD391F97}.Debug|Any CPU.Build.0 = Debug|Any CPU
		{273C3BCB-9148-46BC-8EFC-CF1DCD391F97}.Release|Any CPU.ActiveCfg = Release|Any CPU
		{273C3BCB-9148-46BC-8EFC-CF1DCD391F97}.Release|Any CPU.Build.0 = Release|Any CPU
		{35D76508-8D51-4CCF-8B32-60357C897A67}.Debug|Any CPU.ActiveCfg = Debug|Any CPU
		{35D76508-8D51-4CCF-8B32-60357C897A67}.Debug|Any CPU.Build.0 = Debug|Any CPU
		{35D76508-8D51-4CCF-8B32-60357C897A67}.Release|Any CPU.ActiveCfg = Release|Any CPU
		{35D76508-8D51-4CCF-8B32-60357C897A67}.Release|Any CPU.Build.0 = Release|Any CPU
	EndGlobalSection
	GlobalSection(SolutionProperties) = preSolution
		HideSolutionNode = FALSE
	EndGlobalSection
	GlobalSection(ExtensibilityGlobals) = postSolution
		SolutionGuid = {669DC62E-EB3A-4083-8E1E-8ACA1FC7F5A2}
	EndGlobalSection
EndGlobal
