
Microsoft Visual Studio Solution File, Format Version 12.00
# Visual Studio 15
VisualStudioVersion = 15.0.28307.645
MinimumVisualStudioVersion = 10.0.40219.1
Project("{FAE04EC0-301F-11D3-BF4B-00C04F79EFBC}") = "GenericBoxOfString", "GenericBoxOfString\GenericBoxOfString.csproj", "{0E4894F2-91CB-4CB7-AA23-3DE2F0A0CE32}"
EndProject
Project("{FAE04EC0-301F-11D3-BF4B-00C04F79EFBC}") = "GenericSwapMethodStrings", "GenericSwapMethodStrings\GenericSwapMethodStrings.csproj", "{2D699D08-DA48-4282-B1D8-A278F7670F86}"
EndProject
Project("{FAE04EC0-301F-11D3-BF4B-00C04F79EFBC}") = "GenericCountMethodStrings", "GenericCountMethodStrings\GenericCountMethodStrings.csproj", "{F941FFF2-8328-40CA-B9CE-97981F61567B}"
EndProject
Project("{FAE04EC0-301F-11D3-BF4B-00C04F79EFBC}") = "Tuple", "Tuple\Tuple.csproj", "{08DED8EB-2B1F-4764-A1CB-1CC8C911EAA2}"
EndProject
Global
	GlobalSection(SolutionConfigurationPlatforms) = preSolution
		Debug|Any CPU = Debug|Any CPU
		Release|Any CPU = Release|Any CPU
	EndGlobalSection
	GlobalSection(ProjectConfigurationPlatforms) = postSolution
		{0E4894F2-91CB-4CB7-AA23-3DE2F0A0CE32}.Debug|Any CPU.ActiveCfg = Debug|Any CPU
		{0E4894F2-91CB-4CB7-AA23-3DE2F0A0CE32}.Debug|Any CPU.Build.0 = Debug|Any CPU
		{0E4894F2-91CB-4CB7-AA23-3DE2F0A0CE32}.Release|Any CPU.ActiveCfg = Release|Any CPU
		{0E4894F2-91CB-4CB7-AA23-3DE2F0A0CE32}.Release|Any CPU.Build.0 = Release|Any CPU
		{2D699D08-DA48-4282-B1D8-A278F7670F86}.Debug|Any CPU.ActiveCfg = Debug|Any CPU
		{2D699D08-DA48-4282-B1D8-A278F7670F86}.Debug|Any CPU.Build.0 = Debug|Any CPU
		{2D699D08-DA48-4282-B1D8-A278F7670F86}.Release|Any CPU.ActiveCfg = Release|Any CPU
		{2D699D08-DA48-4282-B1D8-A278F7670F86}.Release|Any CPU.Build.0 = Release|Any CPU
		{F941FFF2-8328-40CA-B9CE-97981F61567B}.Debug|Any CPU.ActiveCfg = Debug|Any CPU
		{F941FFF2-8328-40CA-B9CE-97981F61567B}.Debug|Any CPU.Build.0 = Debug|Any CPU
		{F941FFF2-8328-40CA-B9CE-97981F61567B}.Release|Any CPU.ActiveCfg = Release|Any CPU
		{F941FFF2-8328-40CA-B9CE-97981F61567B}.Release|Any CPU.Build.0 = Release|Any CPU
		{08DED8EB-2B1F-4764-A1CB-1CC8C911EAA2}.Debug|Any CPU.ActiveCfg = Debug|Any CPU
		{08DED8EB-2B1F-4764-A1CB-1CC8C911EAA2}.Debug|Any CPU.Build.0 = Debug|Any CPU
		{08DED8EB-2B1F-4764-A1CB-1CC8C911EAA2}.Release|Any CPU.ActiveCfg = Release|Any CPU
		{08DED8EB-2B1F-4764-A1CB-1CC8C911EAA2}.Release|Any CPU.Build.0 = Release|Any CPU
	EndGlobalSection
	GlobalSection(SolutionProperties) = preSolution
		HideSolutionNode = FALSE
	EndGlobalSection
	GlobalSection(ExtensibilityGlobals) = postSolution
		SolutionGuid = {0C184B93-FD4D-4941-A673-3E11851F9802}
	EndGlobalSection
EndGlobal
