
Microsoft Visual Studio Solution File, Format Version 12.00
# Visual Studio 15
VisualStudioVersion = 15.0.28307.645
MinimumVisualStudioVersion = 10.0.40219.1
Project("{FAE04EC0-301F-11D3-BF4B-00C04F79EFBC}") = "TrojanInvasion", "TrojanInvasion\TrojanInvasion.csproj", "{2FECEAAD-DFBD-4CF4-B23D-A093DBC6786D}"
EndProject
Global
	GlobalSection(SolutionConfigurationPlatforms) = preSolution
		Debug|Any CPU = Debug|Any CPU
		Release|Any CPU = Release|Any CPU
	EndGlobalSection
	GlobalSection(ProjectConfigurationPlatforms) = postSolution
		{2FECEAAD-DFBD-4CF4-B23D-A093DBC6786D}.Debug|Any CPU.ActiveCfg = Debug|Any CPU
		{2FECEAAD-DFBD-4CF4-B23D-A093DBC6786D}.Debug|Any CPU.Build.0 = Debug|Any CPU
		{2FECEAAD-DFBD-4CF4-B23D-A093DBC6786D}.Release|Any CPU.ActiveCfg = Release|Any CPU
		{2FECEAAD-DFBD-4CF4-B23D-A093DBC6786D}.Release|Any CPU.Build.0 = Release|Any CPU
	EndGlobalSection
	GlobalSection(SolutionProperties) = preSolution
		HideSolutionNode = FALSE
	EndGlobalSection
	GlobalSection(ExtensibilityGlobals) = postSolution
		SolutionGuid = {8B7B4AA6-8C0D-417A-9193-5F51FB896499}
	EndGlobalSection
EndGlobal
