
Microsoft Visual Studio Solution File, Format Version 12.00
# Visual Studio 15
VisualStudioVersion = 15.0.28307.645
MinimumVisualStudioVersion = 10.0.40219.1
Project("{FAE04EC0-301F-11D3-BF4B-00C04F79EFBC}") = "ClubParty", "ClubParty\ClubParty.csproj", "{36F5159C-06A5-4C9A-AB63-4614E428E233}"
EndProject
Global
	GlobalSection(SolutionConfigurationPlatforms) = preSolution
		Debug|Any CPU = Debug|Any CPU
		Release|Any CPU = Release|Any CPU
	EndGlobalSection
	GlobalSection(ProjectConfigurationPlatforms) = postSolution
		{36F5159C-06A5-4C9A-AB63-4614E428E233}.Debug|Any CPU.ActiveCfg = Debug|Any CPU
		{36F5159C-06A5-4C9A-AB63-4614E428E233}.Debug|Any CPU.Build.0 = Debug|Any CPU
		{36F5159C-06A5-4C9A-AB63-4614E428E233}.Release|Any CPU.ActiveCfg = Release|Any CPU
		{36F5159C-06A5-4C9A-AB63-4614E428E233}.Release|Any CPU.Build.0 = Release|Any CPU
	EndGlobalSection
	GlobalSection(SolutionProperties) = preSolution
		HideSolutionNode = FALSE
	EndGlobalSection
	GlobalSection(ExtensibilityGlobals) = postSolution
		SolutionGuid = {134743B6-3CBE-43C6-83C1-DEAC08FE8213}
	EndGlobalSection
EndGlobal
