
Microsoft Visual Studio Solution File, Format Version 12.00
# Visual Studio 15
VisualStudioVersion = 15.0.28307.645
MinimumVisualStudioVersion = 10.0.40219.1
Project("{9A19103F-16F7-4668-BE54-9A1E7A4F7556}") = "DefiningClasses", "DefiningClasses\DefiningClasses.csproj", "{F05CA803-76A3-4EB8-AD80-1DEB0E01A0FD}"
EndProject
Project("{9A19103F-16F7-4668-BE54-9A1E7A4F7556}") = "DateModifier", "DateModifier\DateModifier.csproj", "{428261A3-2684-4212-A06D-54497851AAA4}"
EndProject
Project("{9A19103F-16F7-4668-BE54-9A1E7A4F7556}") = "SpeedRacing", "SpeedRacing\SpeedRacing.csproj", "{A4C645B9-0D1A-4555-A46D-913A34C5344E}"
EndProject
Project("{9A19103F-16F7-4668-BE54-9A1E7A4F7556}") = "RawData", "RawData\RawData.csproj", "{7EC95E55-BC17-4081-B512-863398B2FEDF}"
EndProject
Project("{9A19103F-16F7-4668-BE54-9A1E7A4F7556}") = "CarSalesman", "CarSalesman\CarSalesman.csproj", "{DF4BBB22-20F1-4835-B427-CE63585D5E8D}"
EndProject
Project("{9A19103F-16F7-4668-BE54-9A1E7A4F7556}") = "PokemonTrainer", "PokemonTrainer\PokemonTrainer.csproj", "{19313138-6061-446A-9F5A-A492ACFF304C}"
EndProject
Project("{9A19103F-16F7-4668-BE54-9A1E7A4F7556}") = "SoftUniParking", "SoftUniParking\SoftUniParking.csproj", "{59DDD7A3-5E3A-4B4C-8BF8-EB01AD0DE6BC}"
EndProject
Global
	GlobalSection(SolutionConfigurationPlatforms) = preSolution
		Debug|Any CPU = Debug|Any CPU
		Release|Any CPU = Release|Any CPU
	EndGlobalSection
	GlobalSection(ProjectConfigurationPlatforms) = postSolution
		{F05CA803-76A3-4EB8-AD80-1DEB0E01A0FD}.Debug|Any CPU.ActiveCfg = Debug|Any CPU
		{F05CA803-76A3-4EB8-AD80-1DEB0E01A0FD}.Debug|Any CPU.Build.0 = Debug|Any CPU
		{F05CA803-76A3-4EB8-AD80-1DEB0E01A0FD}.Release|Any CPU.ActiveCfg = Release|Any CPU
		{F05CA803-76A3-4EB8-AD80-1DEB0E01A0FD}.Release|Any CPU.Build.0 = Release|Any CPU
		{428261A3-2684-4212-A06D-54497851AAA4}.Debug|Any CPU.ActiveCfg = Debug|Any CPU
		{428261A3-2684-4212-A06D-54497851AAA4}.Debug|Any CPU.Build.0 = Debug|Any CPU
		{428261A3-2684-4212-A06D-54497851AAA4}.Release|Any CPU.ActiveCfg = Release|Any CPU
		{428261A3-2684-4212-A06D-54497851AAA4}.Release|Any CPU.Build.0 = Release|Any CPU
		{A4C645B9-0D1A-4555-A46D-913A34C5344E}.Debug|Any CPU.ActiveCfg = Debug|Any CPU
		{A4C645B9-0D1A-4555-A46D-913A34C5344E}.Debug|Any CPU.Build.0 = Debug|Any CPU
		{A4C645B9-0D1A-4555-A46D-913A34C5344E}.Release|Any CPU.ActiveCfg = Release|Any CPU
		{A4C645B9-0D1A-4555-A46D-913A34C5344E}.Release|Any CPU.Build.0 = Release|Any CPU
		{7EC95E55-BC17-4081-B512-863398B2FEDF}.Debug|Any CPU.ActiveCfg = Debug|Any CPU
		{7EC95E55-BC17-4081-B512-863398B2FEDF}.Debug|Any CPU.Build.0 = Debug|Any CPU
		{7EC95E55-BC17-4081-B512-863398B2FEDF}.Release|Any CPU.ActiveCfg = Release|Any CPU
		{7EC95E55-BC17-4081-B512-863398B2FEDF}.Release|Any CPU.Build.0 = Release|Any CPU
		{DF4BBB22-20F1-4835-B427-CE63585D5E8D}.Debug|Any CPU.ActiveCfg = Debug|Any CPU
		{DF4BBB22-20F1-4835-B427-CE63585D5E8D}.Debug|Any CPU.Build.0 = Debug|Any CPU
		{DF4BBB22-20F1-4835-B427-CE63585D5E8D}.Release|Any CPU.ActiveCfg = Release|Any CPU
		{DF4BBB22-20F1-4835-B427-CE63585D5E8D}.Release|Any CPU.Build.0 = Release|Any CPU
		{19313138-6061-446A-9F5A-A492ACFF304C}.Debug|Any CPU.ActiveCfg = Debug|Any CPU
		{19313138-6061-446A-9F5A-A492ACFF304C}.Debug|Any CPU.Build.0 = Debug|Any CPU
		{19313138-6061-446A-9F5A-A492ACFF304C}.Release|Any CPU.ActiveCfg = Release|Any CPU
		{19313138-6061-446A-9F5A-A492ACFF304C}.Release|Any CPU.Build.0 = Release|Any CPU
		{59DDD7A3-5E3A-4B4C-8BF8-EB01AD0DE6BC}.Debug|Any CPU.ActiveCfg = Debug|Any CPU
		{59DDD7A3-5E3A-4B4C-8BF8-EB01AD0DE6BC}.Debug|Any CPU.Build.0 = Debug|Any CPU
		{59DDD7A3-5E3A-4B4C-8BF8-EB01AD0DE6BC}.Release|Any CPU.ActiveCfg = Release|Any CPU
		{59DDD7A3-5E3A-4B4C-8BF8-EB01AD0DE6BC}.Release|Any CPU.Build.0 = Release|Any CPU
	EndGlobalSection
	GlobalSection(SolutionProperties) = preSolution
		HideSolutionNode = FALSE
	EndGlobalSection
	GlobalSection(ExtensibilityGlobals) = postSolution
		SolutionGuid = {EFC96C7D-DE04-4444-AB4F-7AEA17B3DC95}
	EndGlobalSection
EndGlobal
