
Microsoft Visual Studio Solution File, Format Version 12.00
# Visual Studio 15
VisualStudioVersion = 15.0.28307.645
MinimumVisualStudioVersion = 10.0.40219.1
Project("{9A19103F-16F7-4668-BE54-9A1E7A4F7556}") = "CountSameValuesInArray", "CountSameValuesInArray\CountSameValuesInArray.csproj", "{B3D88267-FD1D-4D34-8D9E-0AF602D3D2A5}"
EndProject
Project("{FAE04EC0-301F-11D3-BF4B-00C04F79EFBC}") = "AverageStudentGrades", "AverageStudentGrades\AverageStudentGrades.csproj", "{34AE3EDC-BEFC-4FF7-95EE-02FAD4BE3C28}"
EndProject
Project("{FAE04EC0-301F-11D3-BF4B-00C04F79EFBC}") = "ProductShop", "ProductShop\ProductShop.csproj", "{11D57951-A5FD-4DA9-8964-3EDB764D4D4D}"
EndProject
Project("{FAE04EC0-301F-11D3-BF4B-00C04F79EFBC}") = "CitiesByContinentAndCountry", "CitiesByContinentAndCountry\CitiesByContinentAndCountry.csproj", "{A71D4CAE-BFD6-4476-ACE1-6066E1B485FD}"
EndProject
Global
	GlobalSection(SolutionConfigurationPlatforms) = preSolution
		Debug|Any CPU = Debug|Any CPU
		Release|Any CPU = Release|Any CPU
	EndGlobalSection
	GlobalSection(ProjectConfigurationPlatforms) = postSolution
		{B3D88267-FD1D-4D34-8D9E-0AF602D3D2A5}.Debug|Any CPU.ActiveCfg = Debug|Any CPU
		{B3D88267-FD1D-4D34-8D9E-0AF602D3D2A5}.Debug|Any CPU.Build.0 = Debug|Any CPU
		{B3D88267-FD1D-4D34-8D9E-0AF602D3D2A5}.Release|Any CPU.ActiveCfg = Release|Any CPU
		{B3D88267-FD1D-4D34-8D9E-0AF602D3D2A5}.Release|Any CPU.Build.0 = Release|Any CPU
		{34AE3EDC-BEFC-4FF7-95EE-02FAD4BE3C28}.Debug|Any CPU.ActiveCfg = Debug|Any CPU
		{34AE3EDC-BEFC-4FF7-95EE-02FAD4BE3C28}.Debug|Any CPU.Build.0 = Debug|Any CPU
		{34AE3EDC-BEFC-4FF7-95EE-02FAD4BE3C28}.Release|Any CPU.ActiveCfg = Release|Any CPU
		{34AE3EDC-BEFC-4FF7-95EE-02FAD4BE3C28}.Release|Any CPU.Build.0 = Release|Any CPU
		{11D57951-A5FD-4DA9-8964-3EDB764D4D4D}.Debug|Any CPU.ActiveCfg = Debug|Any CPU
		{11D57951-A5FD-4DA9-8964-3EDB764D4D4D}.Debug|Any CPU.Build.0 = Debug|Any CPU
		{11D57951-A5FD-4DA9-8964-3EDB764D4D4D}.Release|Any CPU.ActiveCfg = Release|Any CPU
		{11D57951-A5FD-4DA9-8964-3EDB764D4D4D}.Release|Any CPU.Build.0 = Release|Any CPU
		{A71D4CAE-BFD6-4476-ACE1-6066E1B485FD}.Debug|Any CPU.ActiveCfg = Debug|Any CPU
		{A71D4CAE-BFD6-4476-ACE1-6066E1B485FD}.Debug|Any CPU.Build.0 = Debug|Any CPU
		{A71D4CAE-BFD6-4476-ACE1-6066E1B485FD}.Release|Any CPU.ActiveCfg = Release|Any CPU
		{A71D4CAE-BFD6-4476-ACE1-6066E1B485FD}.Release|Any CPU.Build.0 = Release|Any CPU
	EndGlobalSection
	GlobalSection(SolutionProperties) = preSolution
		HideSolutionNode = FALSE
	EndGlobalSection
	GlobalSection(ExtensibilityGlobals) = postSolution
		SolutionGuid = {5E907ED3-0AD6-4899-A017-3CA1026B2B81}
	EndGlobalSection
EndGlobal
