
Microsoft Visual Studio Solution File, Format Version 12.00
# Visual Studio 15
VisualStudioVersion = 15.0.28307.645
MinimumVisualStudioVersion = 10.0.40219.1
Project("{9A19103F-16F7-4668-BE54-9A1E7A4F7556}") = "DiagonalDifference", "DiagonalDifference\DiagonalDifference.csproj", "{C3042FED-91D1-4DD7-B6C0-204209AEF9E6}"
EndProject
Project("{9A19103F-16F7-4668-BE54-9A1E7A4F7556}") = "2x2SquaresInMatrix", "2x2SquaresInMatrix\2x2SquaresInMatrix.csproj", "{F7A4E28B-3004-468B-A245-2EB90A51A4AD}"
EndProject
Project("{9A19103F-16F7-4668-BE54-9A1E7A4F7556}") = "MaximalSum", "MaximalSum\MaximalSum.csproj", "{1068654A-968C-40CF-A593-DCA1263762CE}"
EndProject
Project("{9A19103F-16F7-4668-BE54-9A1E7A4F7556}") = "MatrixShuffling", "MatrixShuffling\MatrixShuffling.csproj", "{076F880A-8716-47C4-AA38-4FD0A1A412E9}"
EndProject
Project("{9A19103F-16F7-4668-BE54-9A1E7A4F7556}") = "SnakeMoves", "SnakeMoves\SnakeMoves.csproj", "{D37D1320-B9FB-4B25-B91C-18EFFB84CF86}"
EndProject
Project("{9A19103F-16F7-4668-BE54-9A1E7A4F7556}") = "JaggedArrayManipulator", "JaggedArrayManipulator\JaggedArrayManipulator.csproj", "{08092104-D978-4026-AAF6-38C6103395AF}"
EndProject
Project("{9A19103F-16F7-4668-BE54-9A1E7A4F7556}") = "KnightGame", "KnightGame\KnightGame.csproj", "{1B122699-3BFA-4FB3-9F95-EBA6217451EC}"
EndProject
Project("{9A19103F-16F7-4668-BE54-9A1E7A4F7556}") = "Bombs", "Bombs\Bombs.csproj", "{EFD7DDB7-B44F-440D-81C3-62AD6B739E68}"
EndProject
Project("{FAE04EC0-301F-11D3-BF4B-00C04F79EFBC}") = "Miner", "Miner\Miner.csproj", "{0B1EE614-25F1-45A5-B4CA-73F03AA5BD0E}"
EndProject
Project("{FAE04EC0-301F-11D3-BF4B-00C04F79EFBC}") = "MutantVampireBunnies", "MutantVampireBunnies\MutantVampireBunnies.csproj", "{A191A85D-E97B-4B55-800C-2A67602CCA05}"
EndProject
Global
	GlobalSection(SolutionConfigurationPlatforms) = preSolution
		Debug|Any CPU = Debug|Any CPU
		Release|Any CPU = Release|Any CPU
	EndGlobalSection
	GlobalSection(ProjectConfigurationPlatforms) = postSolution
		{C3042FED-91D1-4DD7-B6C0-204209AEF9E6}.Debug|Any CPU.ActiveCfg = Debug|Any CPU
		{C3042FED-91D1-4DD7-B6C0-204209AEF9E6}.Debug|Any CPU.Build.0 = Debug|Any CPU
		{C3042FED-91D1-4DD7-B6C0-204209AEF9E6}.Release|Any CPU.ActiveCfg = Release|Any CPU
		{C3042FED-91D1-4DD7-B6C0-204209AEF9E6}.Release|Any CPU.Build.0 = Release|Any CPU
		{F7A4E28B-3004-468B-A245-2EB90A51A4AD}.Debug|Any CPU.ActiveCfg = Debug|Any CPU
		{F7A4E28B-3004-468B-A245-2EB90A51A4AD}.Debug|Any CPU.Build.0 = Debug|Any CPU
		{F7A4E28B-3004-468B-A245-2EB90A51A4AD}.Release|Any CPU.ActiveCfg = Release|Any CPU
		{F7A4E28B-3004-468B-A245-2EB90A51A4AD}.Release|Any CPU.Build.0 = Release|Any CPU
		{1068654A-968C-40CF-A593-DCA1263762CE}.Debug|Any CPU.ActiveCfg = Debug|Any CPU
		{1068654A-968C-40CF-A593-DCA1263762CE}.Debug|Any CPU.Build.0 = Debug|Any CPU
		{1068654A-968C-40CF-A593-DCA1263762CE}.Release|Any CPU.ActiveCfg = Release|Any CPU
		{1068654A-968C-40CF-A593-DCA1263762CE}.Release|Any CPU.Build.0 = Release|Any CPU
		{076F880A-8716-47C4-AA38-4FD0A1A412E9}.Debug|Any CPU.ActiveCfg = Debug|Any CPU
		{076F880A-8716-47C4-AA38-4FD0A1A412E9}.Debug|Any CPU.Build.0 = Debug|Any CPU
		{076F880A-8716-47C4-AA38-4FD0A1A412E9}.Release|Any CPU.ActiveCfg = Release|Any CPU
		{076F880A-8716-47C4-AA38-4FD0A1A412E9}.Release|Any CPU.Build.0 = Release|Any CPU
		{D37D1320-B9FB-4B25-B91C-18EFFB84CF86}.Debug|Any CPU.ActiveCfg = Debug|Any CPU
		{D37D1320-B9FB-4B25-B91C-18EFFB84CF86}.Debug|Any CPU.Build.0 = Debug|Any CPU
		{D37D1320-B9FB-4B25-B91C-18EFFB84CF86}.Release|Any CPU.ActiveCfg = Release|Any CPU
		{D37D1320-B9FB-4B25-B91C-18EFFB84CF86}.Release|Any CPU.Build.0 = Release|Any CPU
		{08092104-D978-4026-AAF6-38C6103395AF}.Debug|Any CPU.ActiveCfg = Debug|Any CPU
		{08092104-D978-4026-AAF6-38C6103395AF}.Debug|Any CPU.Build.0 = Debug|Any CPU
		{08092104-D978-4026-AAF6-38C6103395AF}.Release|Any CPU.ActiveCfg = Release|Any CPU
		{08092104-D978-4026-AAF6-38C6103395AF}.Release|Any CPU.Build.0 = Release|Any CPU
		{1B122699-3BFA-4FB3-9F95-EBA6217451EC}.Debug|Any CPU.ActiveCfg = Debug|Any CPU
		{1B122699-3BFA-4FB3-9F95-EBA6217451EC}.Debug|Any CPU.Build.0 = Debug|Any CPU
		{1B122699-3BFA-4FB3-9F95-EBA6217451EC}.Release|Any CPU.ActiveCfg = Release|Any CPU
		{1B122699-3BFA-4FB3-9F95-EBA6217451EC}.Release|Any CPU.Build.0 = Release|Any CPU
		{EFD7DDB7-B44F-440D-81C3-62AD6B739E68}.Debug|Any CPU.ActiveCfg = Debug|Any CPU
		{EFD7DDB7-B44F-440D-81C3-62AD6B739E68}.Debug|Any CPU.Build.0 = Debug|Any CPU
		{EFD7DDB7-B44F-440D-81C3-62AD6B739E68}.Release|Any CPU.ActiveCfg = Release|Any CPU
		{EFD7DDB7-B44F-440D-81C3-62AD6B739E68}.Release|Any CPU.Build.0 = Release|Any CPU
		{0B1EE614-25F1-45A5-B4CA-73F03AA5BD0E}.Debug|Any CPU.ActiveCfg = Debug|Any CPU
		{0B1EE614-25F1-45A5-B4CA-73F03AA5BD0E}.Debug|Any CPU.Build.0 = Debug|Any CPU
		{0B1EE614-25F1-45A5-B4CA-73F03AA5BD0E}.Release|Any CPU.ActiveCfg = Release|Any CPU
		{0B1EE614-25F1-45A5-B4CA-73F03AA5BD0E}.Release|Any CPU.Build.0 = Release|Any CPU
		{A191A85D-E97B-4B55-800C-2A67602CCA05}.Debug|Any CPU.ActiveCfg = Debug|Any CPU
		{A191A85D-E97B-4B55-800C-2A67602CCA05}.Debug|Any CPU.Build.0 = Debug|Any CPU
		{A191A85D-E97B-4B55-800C-2A67602CCA05}.Release|Any CPU.ActiveCfg = Release|Any CPU
		{A191A85D-E97B-4B55-800C-2A67602CCA05}.Release|Any CPU.Build.0 = Release|Any CPU
	EndGlobalSection
	GlobalSection(SolutionProperties) = preSolution
		HideSolutionNode = FALSE
	EndGlobalSection
	GlobalSection(ExtensibilityGlobals) = postSolution
		SolutionGuid = {96AA50AA-FA70-417D-855F-B229CD072E34}
	EndGlobalSection
EndGlobal
