
Microsoft Visual Studio Solution File, Format Version 12.00
# Visual Studio 15
VisualStudioVersion = 15.0.28307.645
MinimumVisualStudioVersion = 10.0.40219.1
Project("{9A19103F-16F7-4668-BE54-9A1E7A4F7556}") = "DiagonalDifference", "DiagonalDifference\DiagonalDifference.csproj", "{C3042FED-91D1-4DD7-B6C0-204209AEF9E6}"
EndProject
Project("{FAE04EC0-301F-11D3-BF4B-00C04F79EFBC}") = "2x2SquaresInMatrix", "2x2SquaresInMatrix\2x2SquaresInMatrix.csproj", "{F7A4E28B-3004-468B-A245-2EB90A51A4AD}"
EndProject
Global
	GlobalSection(SolutionConfigurationPlatforms) = preSolution
		Debug|Any CPU = Debug|Any CPU
		Release|Any CPU = Release|Any CPU
	EndGlobalSection
	GlobalSection(ProjectConfigurationPlatforms) = postSolution
		{C3042FED-91D1-4DD7-B6C0-204209AEF9E6}.Debug|Any CPU.ActiveCfg = Debug|Any CPU
		{C3042FED-91D1-4DD7-B6C0-204209AEF9E6}.Debug|Any CPU.Build.0 = Debug|Any CPU
		{C3042FED-91D1-4DD7-B6C0-204209AEF9E6}.Release|Any CPU.ActiveCfg = Release|Any CPU
		{C3042FED-91D1-4DD7-B6C0-204209AEF9E6}.Release|Any CPU.Build.0 = Release|Any CPU
		{F7A4E28B-3004-468B-A245-2EB90A51A4AD}.Debug|Any CPU.ActiveCfg = Debug|Any CPU
		{F7A4E28B-3004-468B-A245-2EB90A51A4AD}.Debug|Any CPU.Build.0 = Debug|Any CPU
		{F7A4E28B-3004-468B-A245-2EB90A51A4AD}.Release|Any CPU.ActiveCfg = Release|Any CPU
		{F7A4E28B-3004-468B-A245-2EB90A51A4AD}.Release|Any CPU.Build.0 = Release|Any CPU
	EndGlobalSection
	GlobalSection(SolutionProperties) = preSolution
		HideSolutionNode = FALSE
	EndGlobalSection
	GlobalSection(ExtensibilityGlobals) = postSolution
		SolutionGuid = {96AA50AA-FA70-417D-855F-B229CD072E34}
	EndGlobalSection
EndGlobal
