
Microsoft Visual Studio Solution File, Format Version 12.00
# Visual Studio 15
VisualStudioVersion = 15.0.28307.645
MinimumVisualStudioVersion = 10.0.40219.1
Project("{FAE04EC0-301F-11D3-BF4B-00C04F79EFBC}") = "SortEvenNumbers", "SortEvenNumbers\SortEvenNumbers.csproj", "{4317579D-1083-4934-A074-D63FECD77C6B}"
EndProject
Project("{FAE04EC0-301F-11D3-BF4B-00C04F79EFBC}") = "SumNumbers", "SumNumbers\SumNumbers.csproj", "{195E8198-2624-4E23-8941-4ECE25E10424}"
EndProject
Project("{FAE04EC0-301F-11D3-BF4B-00C04F79EFBC}") = "CountUppercaseWords", "CountUppercaseWords\CountUppercaseWords.csproj", "{83F4EF91-78F6-45FB-B621-DA4C4113F87B}"
EndProject
Project("{FAE04EC0-301F-11D3-BF4B-00C04F79EFBC}") = "AddVAT", "AddVAT\AddVAT.csproj", "{1861BD0B-071A-4670-8134-7539FF23C2E7}"
EndProject
Project("{FAE04EC0-301F-11D3-BF4B-00C04F79EFBC}") = "FilterByAge", "FilterByAge\FilterByAge.csproj", "{88ED7F11-2FB5-4993-A1C1-D1F01F5394BA}"
EndProject
Global
	GlobalSection(SolutionConfigurationPlatforms) = preSolution
		Debug|Any CPU = Debug|Any CPU
		Release|Any CPU = Release|Any CPU
	EndGlobalSection
	GlobalSection(ProjectConfigurationPlatforms) = postSolution
		{4317579D-1083-4934-A074-D63FECD77C6B}.Debug|Any CPU.ActiveCfg = Debug|Any CPU
		{4317579D-1083-4934-A074-D63FECD77C6B}.Debug|Any CPU.Build.0 = Debug|Any CPU
		{4317579D-1083-4934-A074-D63FECD77C6B}.Release|Any CPU.ActiveCfg = Release|Any CPU
		{4317579D-1083-4934-A074-D63FECD77C6B}.Release|Any CPU.Build.0 = Release|Any CPU
		{195E8198-2624-4E23-8941-4ECE25E10424}.Debug|Any CPU.ActiveCfg = Debug|Any CPU
		{195E8198-2624-4E23-8941-4ECE25E10424}.Debug|Any CPU.Build.0 = Debug|Any CPU
		{195E8198-2624-4E23-8941-4ECE25E10424}.Release|Any CPU.ActiveCfg = Release|Any CPU
		{195E8198-2624-4E23-8941-4ECE25E10424}.Release|Any CPU.Build.0 = Release|Any CPU
		{83F4EF91-78F6-45FB-B621-DA4C4113F87B}.Debug|Any CPU.ActiveCfg = Debug|Any CPU
		{83F4EF91-78F6-45FB-B621-DA4C4113F87B}.Debug|Any CPU.Build.0 = Debug|Any CPU
		{83F4EF91-78F6-45FB-B621-DA4C4113F87B}.Release|Any CPU.ActiveCfg = Release|Any CPU
		{83F4EF91-78F6-45FB-B621-DA4C4113F87B}.Release|Any CPU.Build.0 = Release|Any CPU
		{1861BD0B-071A-4670-8134-7539FF23C2E7}.Debug|Any CPU.ActiveCfg = Debug|Any CPU
		{1861BD0B-071A-4670-8134-7539FF23C2E7}.Debug|Any CPU.Build.0 = Debug|Any CPU
		{1861BD0B-071A-4670-8134-7539FF23C2E7}.Release|Any CPU.ActiveCfg = Release|Any CPU
		{1861BD0B-071A-4670-8134-7539FF23C2E7}.Release|Any CPU.Build.0 = Release|Any CPU
		{88ED7F11-2FB5-4993-A1C1-D1F01F5394BA}.Debug|Any CPU.ActiveCfg = Debug|Any CPU
		{88ED7F11-2FB5-4993-A1C1-D1F01F5394BA}.Debug|Any CPU.Build.0 = Debug|Any CPU
		{88ED7F11-2FB5-4993-A1C1-D1F01F5394BA}.Release|Any CPU.ActiveCfg = Release|Any CPU
		{88ED7F11-2FB5-4993-A1C1-D1F01F5394BA}.Release|Any CPU.Build.0 = Release|Any CPU
	EndGlobalSection
	GlobalSection(SolutionProperties) = preSolution
		HideSolutionNode = FALSE
	EndGlobalSection
	GlobalSection(ExtensibilityGlobals) = postSolution
		SolutionGuid = {C99D0849-C5F6-4CFF-9C28-D35FE8F0C891}
	EndGlobalSection
EndGlobal
