
Microsoft Visual Studio Solution File, Format Version 12.00
# Visual Studio Version 16
VisualStudioVersion = 16.0.29503.13
MinimumVisualStudioVersion = 10.0.40219.1
Project("{9A19103F-16F7-4668-BE54-9A1E7A4F7556}") = "SpaceStation", "SpaceStation.csproj", "{7FC205C0-D1E7-4165-8FC5-45131721F3CA}"
EndProject
Global
	GlobalSection(SolutionConfigurationPlatforms) = preSolution
		Debug|Any CPU = Debug|Any CPU
		Release|Any CPU = Release|Any CPU
	EndGlobalSection
	GlobalSection(ProjectConfigurationPlatforms) = postSolution
		{7FC205C0-D1E7-4165-8FC5-45131721F3CA}.Debug|Any CPU.ActiveCfg = Debug|Any CPU
		{7FC205C0-D1E7-4165-8FC5-45131721F3CA}.Debug|Any CPU.Build.0 = Debug|Any CPU
		{7FC205C0-D1E7-4165-8FC5-45131721F3CA}.Release|Any CPU.ActiveCfg = Release|Any CPU
		{7FC205C0-D1E7-4165-8FC5-45131721F3CA}.Release|Any CPU.Build.0 = Release|Any CPU
	EndGlobalSection
	GlobalSection(SolutionProperties) = preSolution
		HideSolutionNode = FALSE
	EndGlobalSection
	GlobalSection(ExtensibilityGlobals) = postSolution
		SolutionGuid = {BA99BD90-3596-47A0-B0C0-78C97F5564C3}
	EndGlobalSection
EndGlobal
