
Microsoft Visual Studio Solution File, Format Version 12.00
# Visual Studio 15
VisualStudioVersion = 15.0.28307.645
MinimumVisualStudioVersion = 10.0.40219.1
Project("{FAE04EC0-301F-11D3-BF4B-00C04F79EFBC}") = "UniqueUsernames", "UniqueUsernames\UniqueUsernames.csproj", "{C0EC3D43-34E8-414B-8A32-26F17C965BF6}"
EndProject
Project("{FAE04EC0-301F-11D3-BF4B-00C04F79EFBC}") = "SetsOfElements", "SetsOfElements\SetsOfElements.csproj", "{E965467C-AFE3-494E-A6A8-3E46472A1BF2}"
EndProject
Project("{FAE04EC0-301F-11D3-BF4B-00C04F79EFBC}") = "PeriodicTable", "PeriodicTable\PeriodicTable.csproj", "{C3E3F105-8CA6-489A-935F-A2B3EF054921}"
EndProject
Project("{FAE04EC0-301F-11D3-BF4B-00C04F79EFBC}") = "EvenTimes", "EvenTimes\EvenTimes.csproj", "{7A5A119B-82BA-4EC6-926C-AB28FA4A2E46}"
EndProject
Project("{FAE04EC0-301F-11D3-BF4B-00C04F79EFBC}") = "CountSymbols", "CountSymbols\CountSymbols.csproj", "{C2BAB57B-5A89-41C5-A96F-8DE28FF34FEB}"
EndProject
Project("{FAE04EC0-301F-11D3-BF4B-00C04F79EFBC}") = "Wardrobe", "Wardrobe\Wardrobe.csproj", "{A43977AA-4C35-418B-A12C-62CA14F5A23E}"
EndProject
Project("{FAE04EC0-301F-11D3-BF4B-00C04F79EFBC}") = "TheV-Logger", "TheV-Logger\TheV-Logger.csproj", "{0988C718-BDF4-4F44-B703-5AD0583DBBD9}"
EndProject
Global
	GlobalSection(SolutionConfigurationPlatforms) = preSolution
		Debug|Any CPU = Debug|Any CPU
		Release|Any CPU = Release|Any CPU
	EndGlobalSection
	GlobalSection(ProjectConfigurationPlatforms) = postSolution
		{C0EC3D43-34E8-414B-8A32-26F17C965BF6}.Debug|Any CPU.ActiveCfg = Debug|Any CPU
		{C0EC3D43-34E8-414B-8A32-26F17C965BF6}.Debug|Any CPU.Build.0 = Debug|Any CPU
		{C0EC3D43-34E8-414B-8A32-26F17C965BF6}.Release|Any CPU.ActiveCfg = Release|Any CPU
		{C0EC3D43-34E8-414B-8A32-26F17C965BF6}.Release|Any CPU.Build.0 = Release|Any CPU
		{E965467C-AFE3-494E-A6A8-3E46472A1BF2}.Debug|Any CPU.ActiveCfg = Debug|Any CPU
		{E965467C-AFE3-494E-A6A8-3E46472A1BF2}.Debug|Any CPU.Build.0 = Debug|Any CPU
		{E965467C-AFE3-494E-A6A8-3E46472A1BF2}.Release|Any CPU.ActiveCfg = Release|Any CPU
		{E965467C-AFE3-494E-A6A8-3E46472A1BF2}.Release|Any CPU.Build.0 = Release|Any CPU
		{C3E3F105-8CA6-489A-935F-A2B3EF054921}.Debug|Any CPU.ActiveCfg = Debug|Any CPU
		{C3E3F105-8CA6-489A-935F-A2B3EF054921}.Debug|Any CPU.Build.0 = Debug|Any CPU
		{C3E3F105-8CA6-489A-935F-A2B3EF054921}.Release|Any CPU.ActiveCfg = Release|Any CPU
		{C3E3F105-8CA6-489A-935F-A2B3EF054921}.Release|Any CPU.Build.0 = Release|Any CPU
		{7A5A119B-82BA-4EC6-926C-AB28FA4A2E46}.Debug|Any CPU.ActiveCfg = Debug|Any CPU
		{7A5A119B-82BA-4EC6-926C-AB28FA4A2E46}.Debug|Any CPU.Build.0 = Debug|Any CPU
		{7A5A119B-82BA-4EC6-926C-AB28FA4A2E46}.Release|Any CPU.ActiveCfg = Release|Any CPU
		{7A5A119B-82BA-4EC6-926C-AB28FA4A2E46}.Release|Any CPU.Build.0 = Release|Any CPU
		{C2BAB57B-5A89-41C5-A96F-8DE28FF34FEB}.Debug|Any CPU.ActiveCfg = Debug|Any CPU
		{C2BAB57B-5A89-41C5-A96F-8DE28FF34FEB}.Debug|Any CPU.Build.0 = Debug|Any CPU
		{C2BAB57B-5A89-41C5-A96F-8DE28FF34FEB}.Release|Any CPU.ActiveCfg = Release|Any CPU
		{C2BAB57B-5A89-41C5-A96F-8DE28FF34FEB}.Release|Any CPU.Build.0 = Release|Any CPU
		{A43977AA-4C35-418B-A12C-62CA14F5A23E}.Debug|Any CPU.ActiveCfg = Debug|Any CPU
		{A43977AA-4C35-418B-A12C-62CA14F5A23E}.Debug|Any CPU.Build.0 = Debug|Any CPU
		{A43977AA-4C35-418B-A12C-62CA14F5A23E}.Release|Any CPU.ActiveCfg = Release|Any CPU
		{A43977AA-4C35-418B-A12C-62CA14F5A23E}.Release|Any CPU.Build.0 = Release|Any CPU
		{0988C718-BDF4-4F44-B703-5AD0583DBBD9}.Debug|Any CPU.ActiveCfg = Debug|Any CPU
		{0988C718-BDF4-4F44-B703-5AD0583DBBD9}.Debug|Any CPU.Build.0 = Debug|Any CPU
		{0988C718-BDF4-4F44-B703-5AD0583DBBD9}.Release|Any CPU.ActiveCfg = Release|Any CPU
		{0988C718-BDF4-4F44-B703-5AD0583DBBD9}.Release|Any CPU.Build.0 = Release|Any CPU
	EndGlobalSection
	GlobalSection(SolutionProperties) = preSolution
		HideSolutionNode = FALSE
	EndGlobalSection
	GlobalSection(ExtensibilityGlobals) = postSolution
		SolutionGuid = {684626B8-B7D7-4503-AA25-4363C8A933BD}
	EndGlobalSection
EndGlobal
